
Microsoft Visual Studio Solution File, Format Version 12.00
# Visual Studio Version 17
VisualStudioVersion = 17.14.36203.30 d17.14
MinimumVisualStudioVersion = 10.0.40219.1
Project("{FAE04EC0-301F-11D3-BF4B-00C04F79EFBC}") = "Shared", "Shared\Shared.csproj", "{568AFA99-1B01-4D9E-8960-736DE91800A3}"
EndProject
Project("{FAE04EC0-301F-11D3-BF4B-00C04F79EFBC}") = "Server", "Server\Server.csproj", "{99B38B9E-92C6-4FB1-A4C8-9426CC09F1F3}"
	ProjectSection(ProjectDependencies) = postProject
		{568AFA99-1B01-4D9E-8960-736DE91800A3} = {568AFA99-1B01-4D9E-8960-736DE91800A3}
		{82D04AF2-21BE-4B4F-A256-DC0D9C435A3C} = {82D04AF2-21BE-4B4F-A256-DC0D9C435A3C}
	EndProjectSection
EndProject
Project("{FAE04EC0-301F-11D3-BF4B-00C04F79EFBC}") = "Client", "Client\Client.csproj", "{82D04AF2-21BE-4B4F-A256-DC0D9C435A3C}"
	ProjectSection(ProjectDependencies) = postProject
		{568AFA99-1B01-4D9E-8960-736DE91800A3} = {568AFA99-1B01-4D9E-8960-736DE91800A3}
	EndProjectSection
EndProject
Global
	GlobalSection(SolutionConfigurationPlatforms) = preSolution
		Debug|Any CPU = Debug|Any CPU
		Release|Any CPU = Release|Any CPU
	EndGlobalSection
	GlobalSection(ProjectConfigurationPlatforms) = postSolution
		{568AFA99-1B01-4D9E-8960-736DE91800A3}.Debug|Any CPU.ActiveCfg = Debug|Any CPU
		{568AFA99-1B01-4D9E-8960-736DE91800A3}.Debug|Any CPU.Build.0 = Debug|Any CPU
		{568AFA99-1B01-4D9E-8960-736DE91800A3}.Release|Any CPU.ActiveCfg = Release|Any CPU
		{568AFA99-1B01-4D9E-8960-736DE91800A3}.Release|Any CPU.Build.0 = Release|Any CPU
		{99B38B9E-92C6-4FB1-A4C8-9426CC09F1F3}.Debug|Any CPU.ActiveCfg = Debug|Any CPU
		{99B38B9E-92C6-4FB1-A4C8-9426CC09F1F3}.Debug|Any CPU.Build.0 = Debug|Any CPU
		{99B38B9E-92C6-4FB1-A4C8-9426CC09F1F3}.Release|Any CPU.ActiveCfg = Release|Any CPU
		{99B38B9E-92C6-4FB1-A4C8-9426CC09F1F3}.Release|Any CPU.Build.0 = Release|Any CPU
		{82D04AF2-21BE-4B4F-A256-DC0D9C435A3C}.Debug|Any CPU.ActiveCfg = Debug|Any CPU
		{82D04AF2-21BE-4B4F-A256-DC0D9C435A3C}.Debug|Any CPU.Build.0 = Debug|Any CPU
		{82D04AF2-21BE-4B4F-A256-DC0D9C435A3C}.Release|Any CPU.ActiveCfg = Release|Any CPU
		{82D04AF2-21BE-4B4F-A256-DC0D9C435A3C}.Release|Any CPU.Build.0 = Release|Any CPU
	EndGlobalSection
	GlobalSection(SolutionProperties) = preSolution
		HideSolutionNode = FALSE
	EndGlobalSection
	GlobalSection(ExtensibilityGlobals) = postSolution
		SolutionGuid = {90269FB9-EA96-4F26-B5A7-712D131F1530}
	EndGlobalSection
EndGlobal
